
Microsoft Visual Studio Solution File, Format Version 12.00
# Visual Studio 15
VisualStudioVersion = 15.0.27004.2005
MinimumVisualStudioVersion = 10.0.40219.1
Project("{FAE04EC0-301F-11D3-BF4B-00C04F79EFBC}") = "SwarmProccessor", "SwarmProccessor\SwarmProccessor.csproj", "{2305B969-EC76-4BF0-8031-69B112A06DA3}"
EndProject
Project("{FAE04EC0-301F-11D3-BF4B-00C04F79EFBC}") = "SwarmCL", "SwarmCL\SwarmCL.csproj", "{6D8F2CF2-C672-448F-AA32-7518E7D9F524}"
EndProject
Global
	GlobalSection(SolutionConfigurationPlatforms) = preSolution
		Debug|Any CPU = Debug|Any CPU
		Release|Any CPU = Release|Any CPU
	EndGlobalSection
	GlobalSection(ProjectConfigurationPlatforms) = postSolution
		{2305B969-EC76-4BF0-8031-69B112A06DA3}.Debug|Any CPU.ActiveCfg = Debug|Any CPU
		{2305B969-EC76-4BF0-8031-69B112A06DA3}.Debug|Any CPU.Build.0 = Debug|Any CPU
		{2305B969-EC76-4BF0-8031-69B112A06DA3}.Release|Any CPU.ActiveCfg = Release|Any CPU
		{2305B969-EC76-4BF0-8031-69B112A06DA3}.Release|Any CPU.Build.0 = Release|Any CPU
		{6D8F2CF2-C672-448F-AA32-7518E7D9F524}.Debug|Any CPU.ActiveCfg = Debug|Any CPU
		{6D8F2CF2-C672-448F-AA32-7518E7D9F524}.Debug|Any CPU.Build.0 = Debug|Any CPU
		{6D8F2CF2-C672-448F-AA32-7518E7D9F524}.Release|Any CPU.ActiveCfg = Release|Any CPU
		{6D8F2CF2-C672-448F-AA32-7518E7D9F524}.Release|Any CPU.Build.0 = Release|Any CPU
	EndGlobalSection
	GlobalSection(SolutionProperties) = preSolution
		HideSolutionNode = FALSE
	EndGlobalSection
	GlobalSection(ExtensibilityGlobals) = postSolution
		SolutionGuid = {54A53F5E-0FAF-4AFF-9DD0-2359D6FDA992}
	EndGlobalSection
EndGlobal
